{
  "name": "server",
  "version": "1.0.0",
  "lockfileVersion": 3,
  "requires": true,
  "packages": {
    "": {
      "name": "server",
      "version": "1.0.0",
      "license": "ISC",
      "dependencies": {
        "gibberish": "^0.1.2"
      }
    },
    "node_modules/gibberish": {
      "version": "0.1.2",
      "resolved": "https://registry.npmjs.org/gibberish/-/gibberish-0.1.2.tgz",
      "integrity": "sha512-E8jr5W/Std5zm9KkF6NPJr7JfQSjqpdVAE/nDK5MdVmmWj1lcHUeOsEwAW3ASKp4qe6Da7LRtHAxrsWXy86wVg==",
      "engines": {
        "node": "*"
      }
    }
  }
}
